
Microsoft Visual Studio Solution File, Format Version 12.00
# Visual Studio Version 17
VisualStudioVersion = 17.7.34202.233
MinimumVisualStudioVersion = 10.0.40219.1
Project("{FAE04EC0-301F-11D3-BF4B-00C04F79EFBC}") = "TeamSpirit_input", "TeamSpirit_input.csproj", "{EA3CDB28-AFFD-4FCC-9BA8-0D344691103D}"
EndProject
Global
	GlobalSection(SolutionConfigurationPlatforms) = preSolution
		Debug|Any CPU = Debug|Any CPU
		Release|Any CPU = Release|Any CPU
	EndGlobalSection
	GlobalSection(ProjectConfigurationPlatforms) = postSolution
		{EA3CDB28-AFFD-4FCC-9BA8-0D344691103D}.Debug|Any CPU.ActiveCfg = Debug|Any CPU
		{EA3CDB28-AFFD-4FCC-9BA8-0D344691103D}.Debug|Any CPU.Build.0 = Debug|Any CPU
		{EA3CDB28-AFFD-4FCC-9BA8-0D344691103D}.Release|Any CPU.ActiveCfg = Release|Any CPU
		{EA3CDB28-AFFD-4FCC-9BA8-0D344691103D}.Release|Any CPU.Build.0 = Release|Any CPU
	EndGlobalSection
	GlobalSection(SolutionProperties) = preSolution
		HideSolutionNode = FALSE
	EndGlobalSection
	GlobalSection(ExtensibilityGlobals) = postSolution
		SolutionGuid = {0A5EBF47-9263-4398-85B6-B4993F9D2DA0}
	EndGlobalSection
EndGlobal
